
Microsoft Visual Studio Solution File, Format Version 12.00
# Visual Studio Version 17
VisualStudioVersion = 17.3.32825.248
MinimumVisualStudioVersion = 10.0.40219.1
Project("{FAE04EC0-301F-11D3-BF4B-00C04F79EFBC}") = "Mario Clone", "Mario Clone\Mario Clone.csproj", "{ABBF9538-150A-4166-A32F-97D4675C6F05}"
EndProject
Global
	GlobalSection(SolutionConfigurationPlatforms) = preSolution
		Debug|Any CPU = Debug|Any CPU
		Release|Any CPU = Release|Any CPU
	EndGlobalSection
	GlobalSection(ProjectConfigurationPlatforms) = postSolution
		{ABBF9538-150A-4166-A32F-97D4675C6F05}.Debug|Any CPU.ActiveCfg = Debug|Any CPU
		{ABBF9538-150A-4166-A32F-97D4675C6F05}.Debug|Any CPU.Build.0 = Debug|Any CPU
		{ABBF9538-150A-4166-A32F-97D4675C6F05}.Release|Any CPU.ActiveCfg = Release|Any CPU
		{ABBF9538-150A-4166-A32F-97D4675C6F05}.Release|Any CPU.Build.0 = Release|Any CPU
	EndGlobalSection
	GlobalSection(SolutionProperties) = preSolution
		HideSolutionNode = FALSE
	EndGlobalSection
	GlobalSection(ExtensibilityGlobals) = postSolution
		SolutionGuid = {91D7B746-7C66-4CC9-9BB5-7DF8DDA1D20B}
	EndGlobalSection
EndGlobal
